
Microsoft Visual Studio Solution File, Format Version 12.00
# Visual Studio Version 16
VisualStudioVersion = 16.0.30907.101
MinimumVisualStudioVersion = 10.0.40219.1
Project("{9A19103F-16F7-4668-BE54-9A1E7A4F7556}") = "AvcolStaff", "AvcolStaff\AvcolStaff.csproj", "{17EB4C88-9908-40D3-829B-D082372F5483}"
EndProject
Global
	GlobalSection(SolutionConfigurationPlatforms) = preSolution
		Debug|Any CPU = Debug|Any CPU
		Release|Any CPU = Release|Any CPU
	EndGlobalSection
	GlobalSection(ProjectConfigurationPlatforms) = postSolution
		{17EB4C88-9908-40D3-829B-D082372F5483}.Debug|Any CPU.ActiveCfg = Debug|Any CPU
		{17EB4C88-9908-40D3-829B-D082372F5483}.Debug|Any CPU.Build.0 = Debug|Any CPU
		{17EB4C88-9908-40D3-829B-D082372F5483}.Release|Any CPU.ActiveCfg = Release|Any CPU
		{17EB4C88-9908-40D3-829B-D082372F5483}.Release|Any CPU.Build.0 = Release|Any CPU
	EndGlobalSection
	GlobalSection(SolutionProperties) = preSolution
		HideSolutionNode = FALSE
	EndGlobalSection
	GlobalSection(ExtensibilityGlobals) = postSolution
		SolutionGuid = {3A2DC25D-51C9-41CE-86DA-F428F819B682}
	EndGlobalSection
EndGlobal
